// !$*UTF8*$!
{
	archiveVersion = 1;
	classes = {
	};
	objectVersion = 50;
	objects = {

/* Begin PBXBuildFile section */
		6592A47F213AEEB3002218E0 /* TablViewCell.swift in Sources */ = {isa = PBXBuildFile; fileRef = 6592A47E213AEEB3002218E0 /* TablViewCell.swift */; };
		65FF85D72139A211003826B4 /* AppDelegate.swift in Sources */ = {isa = PBXBuildFile; fileRef = 65FF85D62139A211003826B4 /* AppDelegate.swift */; };
		65FF85D92139A211003826B4 /* ViewController.swift in Sources */ = {isa = PBXBuildFile; fileRef = 65FF85D82139A211003826B4 /* ViewController.swift */; };
		65FF85DC2139A211003826B4 /* Main.storyboard in Resources */ = {isa = PBXBuildFile; fileRef = 65FF85DA2139A211003826B4 /* Main.storyboard */; };
		65FF85DE2139A214003826B4 /* Assets.xcassets in Resources */ = {isa = PBXBuildFile; fileRef = 65FF85DD2139A214003826B4 /* Assets.xcassets */; };
		65FF85E12139A214003826B4 /* LaunchScreen.storyboard in Resources */ = {isa = PBXBuildFile; fileRef = 65FF85DF2139A214003826B4 /* LaunchScreen.storyboard */; };
		65FF85EC2139A214003826B4 /* tableViewCellReuseTests.swift in Sources */ = {isa = PBXBuildFile; fileRef = 65FF85EB2139A214003826B4 /* tableViewCellReuseTests.swift */; };
		65FF85F72139A214003826B4 /* tableViewCellReuseUITests.swift in Sources */ = {isa = PBXBuildFile; fileRef = 65FF85F62139A214003826B4 /* tableViewCellReuseUITests.swift */; };
/* End PBXBuildFile section */

/* Begin PBXContainerItemProxy section */
		65FF85E82139A214003826B4 /* PBXContainerItemProxy */ = {
			isa = PBXContainerItemProxy;
			containerPortal = 65FF85CB2139A211003826B4 /* Project object */;
			proxyType = 1;
			remoteGlobalIDString = 65FF85D22139A211003826B4;
			remoteInfo = tableViewCellReuse;
		};
		65FF85F32139A214003826B4 /* PBXContainerItemProxy */ = {
			isa = PBXContainerItemProxy;
			containerPortal = 65FF85CB2139A211003826B4 /* Project object */;
			proxyType = 1;
			remoteGlobalIDString = 65FF85D22139A211003826B4;
			remoteInfo = tableViewCellReuse;
		};
/* End PBXContainerItemProxy section */

/* Begin PBXFileReference section */
		6592A47E213AEEB3002218E0 /* TablViewCell.swift */ = {isa = PBXFileReference; lastKnownFileType = sourcecode.swift; path = TablViewCell.swift; sourceTree = "<group>"; };
		65FF85D32139A211003826B4 /* tableViewCellReuse.app */ = {isa = PBXFileReference; explicitFileType = wrapper.application; includeInIndex = 0; path = tableViewCellReuse.app; sourceTree = BUILT_PRODUCTS_DIR; };
		65FF85D62139A211003826B4 /* AppDelegate.swift */ = {isa = PBXFileReference; lastKnownFileType = sourcecode.swift; path = AppDelegate.swift; sourceTree = "<group>"; };
		65FF85D82139A211003826B4 /* ViewController.swift */ = {isa = PBXFileReference; lastKnownFileType = sourcecode.swift; path = ViewController.swift; sourceTree = "<group>"; };
		65FF85DB2139A211003826B4 /* Base */ = {isa = PBXFileReference; lastKnownFileType = file.storyboard; name = Base; path = Base.lproj/Main.storyboard; sourceTree = "<group>"; };
		65FF85DD2139A214003826B4 /* Assets.xcassets */ = {isa = PBXFileReference; lastKnownFileType = folder.assetcatalog; path = Assets.xcassets; sourceTree = "<group>"; };
		65FF85E02139A214003826B4 /* Base */ = {isa = PBXFileReference; lastKnownFileType = file.storyboard; name = Base; path = Base.lproj/LaunchScreen.storyboard; sourceTree = "<group>"; };
		65FF85E22139A214003826B4 /* Info.plist */ = {isa = PBXFileReference; lastKnownFileType = text.plist.xml; path = Info.plist; sourceTree = "<group>"; };
		65FF85E72139A214003826B4 /* tableViewCellReuseTests.xctest */ = {isa = PBXFileReference; explicitFileType = wrapper.cfbundle; includeInIndex = 0; path = tableViewCellReuseTests.xctest; sourceTree = BUILT_PRODUCTS_DIR; };
		65FF85EB2139A214003826B4 /* tableViewCellReuseTests.swift */ = {isa = PBXFileReference; lastKnownFileType = sourcecode.swift; path = tableViewCellReuseTests.swift; sourceTree = "<group>"; };
		65FF85ED2139A214003826B4 /* Info.plist */ = {isa = PBXFileReference; lastKnownFileType = text.plist.xml; path = Info.plist; sourceTree = "<group>"; };
		65FF85F22139A214003826B4 /* tableViewCellReuseUITests.xctest */ = {isa = PBXFileReference; explicitFileType = wrapper.cfbundle; includeInIndex = 0; path = tableViewCellReuseUITests.xctest; sourceTree = BUILT_PRODUCTS_DIR; };
		65FF85F62139A214003826B4 /* tableViewCellReuseUITests.swift */ = {isa = PBXFileReference; lastKnownFileType = sourcecode.swift; path = tableViewCellReuseUITests.swift; sourceTree = "<group>"; };
		65FF85F82139A214003826B4 /* Info.plist */ = {isa = PBXFileReference; lastKnownFileType = text.plist.xml; path = Info.plist; sourceTree = "<group>"; };
/* End PBXFileReference section */

/* Begin PBXFrameworksBuildPhase section */
		65FF85D02139A211003826B4 /* Frameworks */ = {
			isa = PBXFrameworksBuildPhase;
			buildActionMask = 2147483647;
			files = (
			);
			runOnlyForDeploymentPostprocessing = 0;
		};
		65FF85E42139A214003826B4 /* Frameworks */ = {
			isa = PBXFrameworksBuildPhase;
			buildActionMask = 2147483647;
			files = (
			);
			runOnlyForDeploymentPostprocessing = 0;
		};
		65FF85EF2139A214003826B4 /* Frameworks */ = {
			isa = PBXFrameworksBuildPhase;
			buildActionMask = 2147483647;
			files = (
			);
			runOnlyForDeploymentPostprocessing = 0;
		};
/* End PBXFrameworksBuildPhase section */

/* Begin PBXGroup section */
		65FF85CA2139A211003826B4 = {
			isa = PBXGroup;
			children = (
				65FF85D52139A211003826B4 /* tableViewCellReuse */,
				65FF85EA2139A214003826B4 /* tableViewCellReuseTests */,
				65FF85F52139A214003826B4 /* tableViewCellReuseUITests */,
				65FF85D42139A211003826B4 /* Products */,
			);
			sourceTree = "<group>";
		};
		65FF85D42139A211003826B4 /* Products */ = {
			isa = PBXGroup;
			children = (
				65FF85D32139A211003826B4 /* tableViewCellReuse.app */,
				65FF85E72139A214003826B4 /* tableViewCellReuseTests.xctest */,
				65FF85F22139A214003826B4 /* tableViewCellReuseUITests.xctest */,
			);
			name = Products;
			sourceTree = "<group>";
		};
		65FF85D52139A211003826B4 /* tableViewCellReuse */ = {
			isa = PBXGroup;
			children = (
				65FF85D62139A211003826B4 /* AppDelegate.swift */,
				65FF85D82139A211003826B4 /* ViewController.swift */,
				65FF85DA2139A211003826B4 /* Main.storyboard */,
				65FF85DD2139A214003826B4 /* Assets.xcassets */,
				65FF85DF2139A214003826B4 /* LaunchScreen.storyboard */,
				65FF85E22139A214003826B4 /* Info.plist */,
				6592A47E213AEEB3002218E0 /* TablViewCell.swift */,
			);
			path = tableViewCellReuse;
			sourceTree = "<group>";
		};
		65FF85EA2139A214003826B4 /* tableViewCellReuseTests */ = {
			isa = PBXGroup;
			children = (
				65FF85EB2139A214003826B4 /* tableViewCellReuseTests.swift */,
				65FF85ED2139A214003826B4 /* Info.plist */,
			);
			path = tableViewCellReuseTests;
			sourceTree = "<group>";
		};
		65FF85F52139A214003826B4 /* tableViewCellReuseUITests */ = {
			isa = PBXGroup;
			children = (
				65FF85F62139A214003826B4 /* tableViewCellReuseUITests.swift */,
				65FF85F82139A214003826B4 /* Info.plist */,
			);
			path = tableViewCellReuseUITests;
			sourceTree = "<group>";
		};
/* End PBXGroup section */

/* Begin PBXNativeTarget section */
		65FF85D22139A211003826B4 /* tableViewCellReuse */ = {
			isa = PBXNativeTarget;
			buildConfigurationList = 65FF85FB2139A214003826B4 /* Build configuration list for PBXNativeTarget "tableViewCellReuse" */;
			buildPhases = (
				65FF85CF2139A211003826B4 /* Sources */,
				65FF85D02139A211003826B4 /* Frameworks */,
				65FF85D12139A211003826B4 /* Resources */,
			);
			buildRules = (
			);
			dependencies = (
			);
			name = tableViewCellReuse;
			productName = tableViewCellReuse;
			productReference = 65FF85D32139A211003826B4 /* tableViewCellReuse.app */;
			productType = "com.apple.product-type.application";
		};
		65FF85E62139A214003826B4 /* tableViewCellReuseTests */ = {
			isa = PBXNativeTarget;
			buildConfigurationList = 65FF85FE2139A214003826B4 /* Build configuration list for PBXNativeTarget "tableViewCellReuseTests" */;
			buildPhases = (
				65FF85E32139A214003826B4 /* Sources */,
				65FF85E42139A214003826B4 /* Frameworks */,
				65FF85E52139A214003826B4 /* Resources */,
			);
			buildRules = (
			);
			dependencies = (
				65FF85E92139A214003826B4 /* PBXTargetDependency */,
			);
			name = tableViewCellReuseTests;
			productName = tableViewCellReuseTests;
			productReference = 65FF85E72139A214003826B4 /* tableViewCellReuseTests.xctest */;
			productType = "com.apple.product-type.bundle.unit-test";
		};
		65FF85F12139A214003826B4 /* tableViewCellReuseUITests */ = {
			isa = PBXNativeTarget;
			buildConfigurationList = 65FF86012139A214003826B4 /* Build configuration list for PBXNativeTarget "tableViewCellReuseUITests" */;
			buildPhases = (
				65FF85EE2139A214003826B4 /* Sources */,
				65FF85EF2139A214003826B4 /* Frameworks */,
				65FF85F02139A214003826B4 /* Resources */,
			);
			buildRules = (
			);
			dependencies = (
				65FF85F42139A214003826B4 /* PBXTargetDependency */,
			);
			name = tableViewCellReuseUITests;
			productName = tableViewCellReuseUITests;
			productReference = 65FF85F22139A214003826B4 /* tableViewCellReuseUITests.xctest */;
			productType = "com.apple.product-type.bundle.ui-testing";
		};
/* End PBXNativeTarget section */

/* Begin PBXProject section */
		65FF85CB2139A211003826B4 /* Project object */ = {
			isa = PBXProject;
			attributes = {
				LastSwiftUpdateCheck = 0940;
				LastUpgradeCheck = 0940;
				ORGANIZATIONNAME = Deepak;
				TargetAttributes = {
					65FF85D22139A211003826B4 = {
						CreatedOnToolsVersion = 9.4;
					};
					65FF85E62139A214003826B4 = {
						CreatedOnToolsVersion = 9.4;
						TestTargetID = 65FF85D22139A211003826B4;
					};
					65FF85F12139A214003826B4 = {
						CreatedOnToolsVersion = 9.4;
						TestTargetID = 65FF85D22139A211003826B4;
					};
				};
			};
			buildConfigurationList = 65FF85CE2139A211003826B4 /* Build configuration list for PBXProject "tableViewCellReuse" */;
			compatibilityVersion = "Xcode 9.3";
			developmentRegion = en;
			hasScannedForEncodings = 0;
			knownRegions = (
				en,
				Base,
			);
			mainGroup = 65FF85CA2139A211003826B4;
			productRefGroup = 65FF85D42139A211003826B4 /* Products */;
			projectDirPath = "";
			projectRoot = "";
			targets = (
				65FF85D22139A211003826B4 /* tableViewCellReuse */,
				65FF85E62139A214003826B4 /* tableViewCellReuseTests */,
				65FF85F12139A214003826B4 /* tableViewCellReuseUITests */,
			);
		};
/* End PBXProject section */

/* Begin PBXResourcesBuildPhase section */
		65FF85D12139A211003826B4 /* Resources */ = {
			isa = PBXResourcesBuildPhase;
			buildActionMask = 2147483647;
			files = (
				65FF85E12139A214003826B4 /* LaunchScreen.storyboard in Resources */,
				65FF85DE2139A214003826B4 /* Assets.xcassets in Resources */,
				65FF85DC2139A211003826B4 /* Main.storyboard in Resources */,
			);
			runOnlyForDeploymentPostprocessing = 0;
		};
		65FF85E52139A214003826B4 /* Resources */ = {
			isa = PBXResourcesBuildPhase;
			buildActionMask = 2147483647;
			files = (
			);
			runOnlyForDeploymentPostprocessing = 0;
		};
		65FF85F02139A214003826B4 /* Resources */ = {
			isa = PBXResourcesBuildPhase;
			buildActionMask = 2147483647;
			files = (
			);
			runOnlyForDeploymentPostprocessing = 0;
		};
/* End PBXResourcesBuildPhase section */

/* Begin PBXSourcesBuildPhase section */
		65FF85CF2139A211003826B4 /* Sources */ = {
			isa = PBXSourcesBuildPhase;
			buildActionMask = 2147483647;
			files = (
				6592A47F213AEEB3002218E0 /* TablViewCell.swift in Sources */,
				65FF85D92139A211003826B4 /* ViewController.swift in Sources */,
				65FF85D72139A211003826B4 /* AppDelegate.swift in Sources */,
			);
			runOnlyForDeploymentPostprocessing = 0;
		};
		65FF85E32139A214003826B4 /* Sources */ = {
			isa = PBXSourcesBuildPhase;
			buildActionMask = 2147483647;
			files = (
				65FF85EC2139A214003826B4 /* tableViewCellReuseTests.swift in Sources */,
			);
			runOnlyForDeploymentPostprocessing = 0;
		};
		65FF85EE2139A214003826B4 /* Sources */ = {
			isa = PBXSourcesBuildPhase;
			buildActionMask = 2147483647;
			files = (
				65FF85F72139A214003826B4 /* tableViewCellReuseUITests.swift in Sources */,
			);
			runOnlyForDeploymentPostprocessing = 0;
		};
/* End PBXSourcesBuildPhase section */

/* Begin PBXTargetDependency section */
		65FF85E92139A214003826B4 /* PBXTargetDependency */ = {
			isa = PBXTargetDependency;
			target = 65FF85D22139A211003826B4 /* tableViewCellReuse */;
			targetProxy = 65FF85E82139A214003826B4 /* PBXContainerItemProxy */;
		};
		65FF85F42139A214003826B4 /* PBXTargetDependency */ = {
			isa = PBXTargetDependency;
			target = 65FF85D22139A211003826B4 /* tableViewCellReuse */;
			targetProxy = 65FF85F32139A214003826B4 /* PBXContainerItemProxy */;
		};
/* End PBXTargetDependency section */

/* Begin PBXVariantGroup section */
		65FF85DA2139A211003826B4 /* Main.storyboard */ = {
			isa = PBXVariantGroup;
			children = (
				65FF85DB2139A211003826B4 /* Base */,
			);
			name = Main.storyboard;
			sourceTree = "<group>";
		};
		65FF85DF2139A214003826B4 /* LaunchScreen.storyboard */ = {
			isa = PBXVariantGroup;
			children = (
				65FF85E02139A214003826B4 /* Base */,
			);
			name = LaunchScreen.storyboard;
			sourceTree = "<group>";
		};
/* End PBXVariantGroup section */

/* Begin XCBuildConfiguration section */
		65FF85F92139A214003826B4 /* Debug */ = {
			isa = XCBuildConfiguration;
			buildSettings = {
				ALWAYS_SEARCH_USER_PATHS = NO;
				CLANG_ANALYZER_NONNULL = YES;
				CLANG_ANALYZER_NUMBER_OBJECT_CONVERSION = YES_AGGRESSIVE;
				CLANG_CXX_LANGUAGE_STANDARD = "gnu++14";
				CLANG_CXX_LIBRARY = "libc++";
				CLANG_ENABLE_MODULES = YES;
				CLANG_ENABLE_OBJC_ARC = YES;
				CLANG_ENABLE_OBJC_WEAK = YES;
				CLANG_WARN_BLOCK_CAPTURE_AUTORELEASING = YES;
				CLANG_WARN_BOOL_CONVERSION = YES;
				CLANG_WARN_COMMA = YES;
				CLANG_WARN_CONSTANT_CONVERSION = YES;
				CLANG_WARN_DEPRECATED_OBJC_IMPLEMENTATIONS = YES;
				CLANG_WARN_DIRECT_OBJC_ISA_USAGE = YES_ERROR;
				CLANG_WARN_DOCUMENTATION_COMMENTS = YES;
				CLANG_WARN_EMPTY_BODY = YES;
				CLANG_WARN_ENUM_CONVERSION = YES;
				CLANG_WARN_INFINITE_RECURSION = YES;
				CLANG_WARN_INT_CONVERSION = YES;
				CLANG_WARN_NON_LITERAL_NULL_CONVERSION = YES;
				CLANG_WARN_OBJC_IMPLICIT_RETAIN_SELF = YES;
				CLANG_WARN_OBJC_LITERAL_CONVERSION = YES;
				CLANG_WARN_OBJC_ROOT_CLASS = YES_ERROR;
				CLANG_WARN_RANGE_LOOP_ANALYSIS = YES;
				CLANG_WARN_STRICT_PROTOTYPES = YES;
				CLANG_WARN_SUSPICIOUS_MOVE = YES;
				CLANG_WARN_UNGUARDED_AVAILABILITY = YES_AGGRESSIVE;
				CLANG_WARN_UNREACHABLE_CODE = YES;
				CLANG_WARN__DUPLICATE_METHOD_MATCH = YES;
				CODE_SIGN_IDENTITY = "iPhone Developer";
				COPY_PHASE_STRIP = NO;
				DEBUG_INFORMATION_FORMAT = dwarf;
				ENABLE_STRICT_OBJC_MSGSEND = YES;
				ENABLE_TESTABILITY = YES;
				GCC_C_LANGUAGE_STANDARD = gnu11;
				GCC_DYNAMIC_NO_PIC = NO;
				GCC_NO_COMMON_BLOCKS = YES;
				GCC_OPTIMIZATION_LEVEL = 0;
				GCC_PREPROCESSOR_DEFINITIONS = (
					"DEBUG=1",
					"$(inherited)",
				);
				GCC_WARN_64_TO_32_BIT_CONVERSION = YES;
				GCC_WARN_ABOUT_RETURN_TYPE = YES_ERROR;
				GCC_WARN_UNDECLARED_SELECTOR = YES;
				GCC_WARN_UNINITIALIZED_AUTOS = YES_AGGRESSIVE;
				GCC_WARN_UNUSED_FUNCTION = YES;
				GCC_WARN_UNUSED_VARIABLE = YES;
				IPHONEOS_DEPLOYMENT_TARGET = 11.4;
				MTL_ENABLE_DEBUG_INFO = YES;
				ONLY_ACTIVE_ARCH = YES;
				SDKROOT = iphoneos;
				SWIFT_ACTIVE_COMPILATION_CONDITIONS = DEBUG;
				SWIFT_OPTIMIZATION_LEVEL = "-Onone";
			};
			name = Debug;
		};
		65FF85FA2139A214003826B4 /* Release */ = {
			isa = XCBuildConfiguration;
			buildSettings = {
				ALWAYS_SEARCH_USER_PATHS = NO;
				CLANG_ANALYZER_NONNULL = YES;
				CLANG_ANALYZER_NUMBER_OBJECT_CONVERSION = YES_AGGRESSIVE;
				CLANG_CXX_LANGUAGE_STANDARD = "gnu++14";
				CLANG_CXX_LIBRARY = "libc++";
				CLANG_ENABLE_MODULES = YES;
				CLANG_ENABLE_OBJC_ARC = YES;
				CLANG_ENABLE_OBJC_WEAK = YES;
				CLANG_WARN_BLOCK_CAPTURE_AUTORELEASING = YES;
				CLANG_WARN_BOOL_CONVERSION = YES;
				CLANG_WARN_COMMA = YES;
				CLANG_WARN_CONSTANT_CONVERSION = YES;
				CLANG_WARN_DEPRECATED_OBJC_IMPLEMENTATIONS = YES;
				CLANG_WARN_DIRECT_OBJC_ISA_USAGE = YES_ERROR;
				CLANG_WARN_DOCUMENTATION_COMMENTS = YES;
				CLANG_WARN_EMPTY_BODY = YES;
				CLANG_WARN_ENUM_CONVERSION = YES;
				CLANG_WARN_INFINITE_RECURSION = YES;
				CLANG_WARN_INT_CONVERSION = YES;
				CLANG_WARN_NON_LITERAL_NULL_CONVERSION = YES;
				CLANG_WARN_OBJC_IMPLICIT_RETAIN_SELF = YES;
				CLANG_WARN_OBJC_LITERAL_CONVERSION = YES;
				CLANG_WARN_OBJC_ROOT_CLASS = YES_ERROR;
				CLANG_WARN_RANGE_LOOP_ANALYSIS = YES;
				CLANG_WARN_STRICT_PROTOTYPES = YES;
				CLANG_WARN_SUSPICIOUS_MOVE = YES;
				CLANG_WARN_UNGUARDED_AVAILABILITY = YES_AGGRESSIVE;
				CLANG_WARN_UNREACHABLE_CODE = YES;
				CLANG_WARN__DUPLICATE_METHOD_MATCH = YES;
				CODE_SIGN_IDENTITY = "iPhone Developer";
				COPY_PHASE_STRIP = NO;
				DEBUG_INFORMATION_FORMAT = "dwarf-with-dsym";
				ENABLE_NS_ASSERTIONS = NO;
				ENABLE_STRICT_OBJC_MSGSEND = YES;
				GCC_C_LANGUAGE_STANDARD = gnu11;
				GCC_NO_COMMON_BLOCKS = YES;
				GCC_WARN_64_TO_32_BIT_CONVERSION = YES;
				GCC_WARN_ABOUT_RETURN_TYPE = YES_ERROR;
				GCC_WARN_UNDECLARED_SELECTOR = YES;
				GCC_WARN_UNINITIALIZED_AUTOS = YES_AGGRESSIVE;
				GCC_WARN_UNUSED_FUNCTION = YES;
				GCC_WARN_UNUSED_VARIABLE = YES;
				IPHONEOS_DEPLOYMENT_TARGET = 11.4;
				MTL_ENABLE_DEBUG_INFO = NO;
				SDKROOT = iphoneos;
				SWIFT_COMPILATION_MODE = wholemodule;
				SWIFT_OPTIMIZATION_LEVEL = "-O";
				VALIDATE_PRODUCT = YES;
			};
			name = Release;
		};
		65FF85FC2139A214003826B4 /* Debug */ = {
			isa = XCBuildConfiguration;
			buildSettings = {
				ASSETCATALOG_COMPILER_APPICON_NAME = AppIcon;
				CODE_SIGN_STYLE = Automatic;
				DEVELOPMENT_TEAM = MM525HVHT8;
				INFOPLIST_FILE = tableViewCellReuse/Info.plist;
				LD_RUNPATH_SEARCH_PATHS = (
					"$(inherited)",
					"@executable_path/Frameworks",
				);
				PRODUCT_BUNDLE_IDENTIFIER = com.deepak.tableViewCellReuse;
				PRODUCT_NAME = "$(TARGET_NAME)";
				SWIFT_VERSION = 4.0;
				TARGETED_DEVICE_FAMILY = "1,2";
			};
			name = Debug;
		};
		65FF85FD2139A214003826B4 /* Release */ = {
			isa = XCBuildConfiguration;
			buildSettings = {
				ASSETCATALOG_COMPILER_APPICON_NAME = AppIcon;
				CODE_SIGN_STYLE = Automatic;
				DEVELOPMENT_TEAM = MM525HVHT8;
				INFOPLIST_FILE = tableViewCellReuse/Info.plist;
				LD_RUNPATH_SEARCH_PATHS = (
					"$(inherited)",
					"@executable_path/Frameworks",
				);
				PRODUCT_BUNDLE_IDENTIFIER = com.deepak.tableViewCellReuse;
				PRODUCT_NAME = "$(TARGET_NAME)";
				SWIFT_VERSION = 4.0;
				TARGETED_DEVICE_FAMILY = "1,2";
			};
			name = Release;
		};
		65FF85FF2139A214003826B4 /* Debug */ = {
			isa = XCBuildConfiguration;
			buildSettings = {
				ALWAYS_EMBED_SWIFT_STANDARD_LIBRARIES = YES;
				BUNDLE_LOADER = "$(TEST_HOST)";
				CODE_SIGN_STYLE = Automatic;
				DEVELOPMENT_TEAM = MM525HVHT8;
				INFOPLIST_FILE = tableViewCellReuseTests/Info.plist;
				LD_RUNPATH_SEARCH_PATHS = (
					"$(inherited)",
					"@executable_path/Frameworks",
					"@loader_path/Frameworks",
				);
				PRODUCT_BUNDLE_IDENTIFIER = com.deepak.tableViewCellReuseTests;
				PRODUCT_NAME = "$(TARGET_NAME)";
				SWIFT_VERSION = 4.0;
				TARGETED_DEVICE_FAMILY = "1,2";
				TEST_HOST = "$(BUILT_PRODUCTS_DIR)/tableViewCellReuse.app/tableViewCellReuse";
			};
			name = Debug;
		};
		65FF86002139A214003826B4 /* Release */ = {
			isa = XCBuildConfiguration;
			buildSettings = {
				ALWAYS_EMBED_SWIFT_STANDARD_LIBRARIES = YES;
				BUNDLE_LOADER = "$(TEST_HOST)";
				CODE_SIGN_STYLE = Automatic;
				DEVELOPMENT_TEAM = MM525HVHT8;
				INFOPLIST_FILE = tableViewCellReuseTests/Info.plist;
				LD_RUNPATH_SEARCH_PATHS = (
					"$(inherited)",
					"@executable_path/Frameworks",
					"@loader_path/Frameworks",
				);
				PRODUCT_BUNDLE_IDENTIFIER = com.deepak.tableViewCellReuseTests;
				PRODUCT_NAME = "$(TARGET_NAME)";
				SWIFT_VERSION = 4.0;
				TARGETED_DEVICE_FAMILY = "1,2";
				TEST_HOST = "$(BUILT_PRODUCTS_DIR)/tableViewCellReuse.app/tableViewCellReuse";
			};
			name = Release;
		};
		65FF86022139A214003826B4 /* Debug */ = {
			isa = XCBuildConfiguration;
			buildSettings = {
				ALWAYS_EMBED_SWIFT_STANDARD_LIBRARIES = YES;
				CODE_SIGN_STYLE = Automatic;
				DEVELOPMENT_TEAM = MM525HVHT8;
				INFOPLIST_FILE = tableViewCellReuseUITests/Info.plist;
				LD_RUNPATH_SEARCH_PATHS = (
					"$(inherited)",
					"@executable_path/Frameworks",
					"@loader_path/Frameworks",
				);
				PRODUCT_BUNDLE_IDENTIFIER = com.deepak.tableViewCellReuseUITests;
				PRODUCT_NAME = "$(TARGET_NAME)";
				SWIFT_VERSION = 4.0;
				TARGETED_DEVICE_FAMILY = "1,2";
				TEST_TARGET_NAME = tableViewCellReuse;
			};
			name = Debug;
		};
		65FF86032139A214003826B4 /* Release */ = {
			isa = XCBuildConfiguration;
			buildSettings = {
				ALWAYS_EMBED_SWIFT_STANDARD_LIBRARIES = YES;
				CODE_SIGN_STYLE = Automatic;
				DEVELOPMENT_TEAM = MM525HVHT8;
				INFOPLIST_FILE = tableViewCellReuseUITests/Info.plist;
				LD_RUNPATH_SEARCH_PATHS = (
					"$(inherited)",
					"@executable_path/Frameworks",
					"@loader_path/Frameworks",
				);
				PRODUCT_BUNDLE_IDENTIFIER = com.deepak.tableViewCellReuseUITests;
				PRODUCT_NAME = "$(TARGET_NAME)";
				SWIFT_VERSION = 4.0;
				TARGETED_DEVICE_FAMILY = "1,2";
				TEST_TARGET_NAME = tableViewCellReuse;
			};
			name = Release;
		};
/* End XCBuildConfiguration section */

/* Begin XCConfigurationList section */
		65FF85CE2139A211003826B4 /* Build configuration list for PBXProject "tableViewCellReuse" */ = {
			isa = XCConfigurationList;
			buildConfigurations = (
				65FF85F92139A214003826B4 /* Debug */,
				65FF85FA2139A214003826B4 /* Release */,
			);
			defaultConfigurationIsVisible = 0;
			defaultConfigurationName = Release;
		};
		65FF85FB2139A214003826B4 /* Build configuration list for PBXNativeTarget "tableViewCellReuse" */ = {
			isa = XCConfigurationList;
			buildConfigurations = (
				65FF85FC2139A214003826B4 /* Debug */,
				65FF85FD2139A214003826B4 /* Release */,
			);
			defaultConfigurationIsVisible = 0;
			defaultConfigurationName = Release;
		};
		65FF85FE2139A214003826B4 /* Build configuration list for PBXNativeTarget "tableViewCellReuseTests" */ = {
			isa = XCConfigurationList;
			buildConfigurations = (
				65FF85FF2139A214003826B4 /* Debug */,
				65FF86002139A214003826B4 /* Release */,
			);
			defaultConfigurationIsVisible = 0;
			defaultConfigurationName = Release;
		};
		65FF86012139A214003826B4 /* Build configuration list for PBXNativeTarget "tableViewCellReuseUITests" */ = {
			isa = XCConfigurationList;
			buildConfigurations = (
				65FF86022139A214003826B4 /* Debug */,
				65FF86032139A214003826B4 /* Release */,
			);
			defaultConfigurationIsVisible = 0;
			defaultConfigurationName = Release;
		};
/* End XCConfigurationList section */
	};
	rootObject = 65FF85CB2139A211003826B4 /* Project object */;
}
